{
    "_readme": [
        "This file locks the dependencies of your project to a known state",
        "Read more about it at https://getcomposer.org/doc/01-basic-usage.md#installing-dependencies",
        "This file is @generated automatically"
    ],
    "content-hash": "dd90a7a60b0dbe0d741093296c2a3d1f",
    "packages": [
        {
            "name": "gabordemooij/redbean",
            "version": "v5.7.4",
            "source": {
                "type": "git",
                "url": "https://github.com/gabordemooij/redbean.git",
                "reference": "274c426583d91b20a1e39968b2e20969ef83cd1d"
            },
            "dist": {
                "type": "zip",
                "url": "https://api.github.com/repos/gabordemooij/redbean/zipball/274c426583d91b20a1e39968b2e20969ef83cd1d",
                "reference": "274c426583d91b20a1e39968b2e20969ef83cd1d",
                "shasum": ""
            },
            "require": {
                "php": ">=5.3.4"
            },
            "type": "library",
            "autoload": {
                "psr-4": {
                    "RedBeanPHP\\": "RedBeanPHP"
                }
            },
            "notification-url": "https://packagist.org/downloads/",
            "license": [
                "BSD-3-Clause"
            ],
            "authors": [
                {
                    "name": "Gabor de Mooij",
                    "email": "gabor@redbeanphp.com",
                    "homepage": "https://redbeanphp.com"
                }
            ],
            "description": "RedBeanPHP ORM",
            "homepage": "https://redbeanphp.com/",
            "keywords": [
                "orm"
            ],
            "support": {
                "issues": "https://github.com/gabordemooij/redbean/issues",
                "source": "https://github.com/gabordemooij/redbean/tree/v5.7.4"
            },
            "time": "2023-03-17T22:39:19+00:00"
        }
    ],
    "packages-dev": [],
    "aliases": [],
    "minimum-stability": "stable",
    "stability-flags": [],
    "prefer-stable": false,
    "prefer-lowest": false,
    "platform": [],
    "platform-dev": [],
    "plugin-api-version": "2.3.0"
}
